
Microsoft Visual Studio Solution File, Format Version 12.00
# Visual Studio 15
VisualStudioVersion = 15.0.28307.1000
MinimumVisualStudioVersion = 10.0.40219.1
Project("{8BC9CEB8-8B4A-11D0-8D11-00A0C91BC942}") = "pointer_Q", "pointer_Q\pointer_Q.vcxproj", "{CBBDD038-B3B3-4CE4-A8D5-8F27A432F570}"
EndProject
Global
	GlobalSection(SolutionConfigurationPlatforms) = preSolution
		Debug|x64 = Debug|x64
		Debug|x86 = Debug|x86
		Release|x64 = Release|x64
		Release|x86 = Release|x86
	EndGlobalSection
	GlobalSection(ProjectConfigurationPlatforms) = postSolution
		{CBBDD038-B3B3-4CE4-A8D5-8F27A432F570}.Debug|x64.ActiveCfg = Debug|x64
		{CBBDD038-B3B3-4CE4-A8D5-8F27A432F570}.Debug|x64.Build.0 = Debug|x64
		{CBBDD038-B3B3-4CE4-A8D5-8F27A432F570}.Debug|x86.ActiveCfg = Debug|Win32
		{CBBDD038-B3B3-4CE4-A8D5-8F27A432F570}.Debug|x86.Build.0 = Debug|Win32
		{CBBDD038-B3B3-4CE4-A8D5-8F27A432F570}.Release|x64.ActiveCfg = Release|x64
		{CBBDD038-B3B3-4CE4-A8D5-8F27A432F570}.Release|x64.Build.0 = Release|x64
		{CBBDD038-B3B3-4CE4-A8D5-8F27A432F570}.Release|x86.ActiveCfg = Release|Win32
		{CBBDD038-B3B3-4CE4-A8D5-8F27A432F570}.Release|x86.Build.0 = Release|Win32
	EndGlobalSection
	GlobalSection(SolutionProperties) = preSolution
		HideSolutionNode = FALSE
	EndGlobalSection
	GlobalSection(ExtensibilityGlobals) = postSolution
		SolutionGuid = {B80C55D0-5EAF-451B-8633-5E7F9F622DD3}
	EndGlobalSection
EndGlobal
