
Microsoft Visual Studio Solution File, Format Version 12.00
# Visual Studio 15
VisualStudioVersion = 15.0.28307.1000
MinimumVisualStudioVersion = 10.0.40219.1
Project("{8BC9CEB8-8B4A-11D0-8D11-00A0C91BC942}") = "Project15", "Project15\Project15.vcxproj", "{139FE24C-0CBD-460D-874E-5BCE24C43137}"
EndProject
Global
	GlobalSection(SolutionConfigurationPlatforms) = preSolution
		Debug|x64 = Debug|x64
		Debug|x86 = Debug|x86
		Release|x64 = Release|x64
		Release|x86 = Release|x86
	EndGlobalSection
	GlobalSection(ProjectConfigurationPlatforms) = postSolution
		{139FE24C-0CBD-460D-874E-5BCE24C43137}.Debug|x64.ActiveCfg = Debug|x64
		{139FE24C-0CBD-460D-874E-5BCE24C43137}.Debug|x64.Build.0 = Debug|x64
		{139FE24C-0CBD-460D-874E-5BCE24C43137}.Debug|x86.ActiveCfg = Debug|Win32
		{139FE24C-0CBD-460D-874E-5BCE24C43137}.Debug|x86.Build.0 = Debug|Win32
		{139FE24C-0CBD-460D-874E-5BCE24C43137}.Release|x64.ActiveCfg = Release|x64
		{139FE24C-0CBD-460D-874E-5BCE24C43137}.Release|x64.Build.0 = Release|x64
		{139FE24C-0CBD-460D-874E-5BCE24C43137}.Release|x86.ActiveCfg = Release|Win32
		{139FE24C-0CBD-460D-874E-5BCE24C43137}.Release|x86.Build.0 = Release|Win32
	EndGlobalSection
	GlobalSection(SolutionProperties) = preSolution
		HideSolutionNode = FALSE
	EndGlobalSection
	GlobalSection(ExtensibilityGlobals) = postSolution
		SolutionGuid = {638481C0-13CD-4A08-8B84-773A3021799B}
	EndGlobalSection
EndGlobal
