
Microsoft Visual Studio Solution File, Format Version 12.00
# Visual Studio 15
VisualStudioVersion = 15.0.28307.438
MinimumVisualStudioVersion = 10.0.40219.1
Project("{8BC9CEB8-8B4A-11D0-8D11-00A0C91BC942}") = "GuGuDan", "GuGuDan\GuGuDan.vcxproj", "{69084899-C6BC-4C4F-9E59-DE312F38BD4C}"
EndProject
Global
	GlobalSection(SolutionConfigurationPlatforms) = preSolution
		Debug|x64 = Debug|x64
		Debug|x86 = Debug|x86
		Release|x64 = Release|x64
		Release|x86 = Release|x86
	EndGlobalSection
	GlobalSection(ProjectConfigurationPlatforms) = postSolution
		{69084899-C6BC-4C4F-9E59-DE312F38BD4C}.Debug|x64.ActiveCfg = Debug|x64
		{69084899-C6BC-4C4F-9E59-DE312F38BD4C}.Debug|x64.Build.0 = Debug|x64
		{69084899-C6BC-4C4F-9E59-DE312F38BD4C}.Debug|x86.ActiveCfg = Debug|Win32
		{69084899-C6BC-4C4F-9E59-DE312F38BD4C}.Debug|x86.Build.0 = Debug|Win32
		{69084899-C6BC-4C4F-9E59-DE312F38BD4C}.Release|x64.ActiveCfg = Release|x64
		{69084899-C6BC-4C4F-9E59-DE312F38BD4C}.Release|x64.Build.0 = Release|x64
		{69084899-C6BC-4C4F-9E59-DE312F38BD4C}.Release|x86.ActiveCfg = Release|Win32
		{69084899-C6BC-4C4F-9E59-DE312F38BD4C}.Release|x86.Build.0 = Release|Win32
	EndGlobalSection
	GlobalSection(SolutionProperties) = preSolution
		HideSolutionNode = FALSE
	EndGlobalSection
	GlobalSection(ExtensibilityGlobals) = postSolution
		SolutionGuid = {56B3E962-886B-4638-A22F-80359EC10720}
	EndGlobalSection
EndGlobal
