
Microsoft Visual Studio Solution File, Format Version 12.00
# Visual Studio 15
VisualStudioVersion = 15.0.28307.438
MinimumVisualStudioVersion = 10.0.40219.1
Project("{8BC9CEB8-8B4A-11D0-8D11-00A0C91BC942}") = "Student_ach", "Student_ach\Student_ach.vcxproj", "{C92B6050-E656-4462-96F1-6EFA9A662382}"
EndProject
Global
	GlobalSection(SolutionConfigurationPlatforms) = preSolution
		Debug|x64 = Debug|x64
		Debug|x86 = Debug|x86
		Release|x64 = Release|x64
		Release|x86 = Release|x86
	EndGlobalSection
	GlobalSection(ProjectConfigurationPlatforms) = postSolution
		{C92B6050-E656-4462-96F1-6EFA9A662382}.Debug|x64.ActiveCfg = Debug|x64
		{C92B6050-E656-4462-96F1-6EFA9A662382}.Debug|x64.Build.0 = Debug|x64
		{C92B6050-E656-4462-96F1-6EFA9A662382}.Debug|x86.ActiveCfg = Debug|Win32
		{C92B6050-E656-4462-96F1-6EFA9A662382}.Debug|x86.Build.0 = Debug|Win32
		{C92B6050-E656-4462-96F1-6EFA9A662382}.Release|x64.ActiveCfg = Release|x64
		{C92B6050-E656-4462-96F1-6EFA9A662382}.Release|x64.Build.0 = Release|x64
		{C92B6050-E656-4462-96F1-6EFA9A662382}.Release|x86.ActiveCfg = Release|Win32
		{C92B6050-E656-4462-96F1-6EFA9A662382}.Release|x86.Build.0 = Release|Win32
	EndGlobalSection
	GlobalSection(SolutionProperties) = preSolution
		HideSolutionNode = FALSE
	EndGlobalSection
	GlobalSection(ExtensibilityGlobals) = postSolution
		SolutionGuid = {712A2F62-F706-450B-A2C6-1C0EC95AA0D7}
	EndGlobalSection
EndGlobal
