
Microsoft Visual Studio Solution File, Format Version 12.00
# Visual Studio 15
VisualStudioVersion = 15.0.28307.438
MinimumVisualStudioVersion = 10.0.40219.1
Project("{8BC9CEB8-8B4A-11D0-8D11-00A0C91BC942}") = "string", "string\string.vcxproj", "{05092371-B996-46B2-BEA5-9CE303385822}"
EndProject
Global
	GlobalSection(SolutionConfigurationPlatforms) = preSolution
		Debug|x64 = Debug|x64
		Debug|x86 = Debug|x86
		Release|x64 = Release|x64
		Release|x86 = Release|x86
	EndGlobalSection
	GlobalSection(ProjectConfigurationPlatforms) = postSolution
		{05092371-B996-46B2-BEA5-9CE303385822}.Debug|x64.ActiveCfg = Debug|x64
		{05092371-B996-46B2-BEA5-9CE303385822}.Debug|x64.Build.0 = Debug|x64
		{05092371-B996-46B2-BEA5-9CE303385822}.Debug|x86.ActiveCfg = Debug|Win32
		{05092371-B996-46B2-BEA5-9CE303385822}.Debug|x86.Build.0 = Debug|Win32
		{05092371-B996-46B2-BEA5-9CE303385822}.Release|x64.ActiveCfg = Release|x64
		{05092371-B996-46B2-BEA5-9CE303385822}.Release|x64.Build.0 = Release|x64
		{05092371-B996-46B2-BEA5-9CE303385822}.Release|x86.ActiveCfg = Release|Win32
		{05092371-B996-46B2-BEA5-9CE303385822}.Release|x86.Build.0 = Release|Win32
	EndGlobalSection
	GlobalSection(SolutionProperties) = preSolution
		HideSolutionNode = FALSE
	EndGlobalSection
	GlobalSection(ExtensibilityGlobals) = postSolution
		SolutionGuid = {4E797E9D-6CFA-4E22-8CFD-E3811B9B09C9}
	EndGlobalSection
EndGlobal
